github.com/chrede88/qubt v1.6.0 h1:wewjWy2oGjG98ZQ5OVKmAUJpIhUtQ4iPbvICuFX38gs=
github.com/chrede88/qubt v1.6.0/go.mod h1:gS2VNuJqN8pAg4yCY/UbJwtDJBu/VqK+LeXsb7SoQq0=
github.com/chrede88/qubt/v2 v2.1.0 h1:105nNGqXmESBI7IJ76SHpDVfonWKBMXNP6XVEEagu/k=
github.com/chrede88/qubt/v2 v2.1.0/go.mod h1:jXy2xsoEIjeslLLyIxyhQOxtPOXETQGpbPtAEmp5r9s=
